
Microsoft Visual Studio Solution File, Format Version 12.00
# Visual Studio Version 17
VisualStudioVersion = 17.5.002.0
MinimumVisualStudioVersion = 10.0.40219.1
Project("{9A19103F-16F7-4668-BE54-9A1E7A4F7556}") = "PedroRafael", "PedroRafael.csproj", "{A9BABE00-ECCF-4527-9C04-6C81D1565A75}"
EndProject
Global
	GlobalSection(SolutionConfigurationPlatforms) = preSolution
		Debug|Any CPU = Debug|Any CPU
		Release|Any CPU = Release|Any CPU
	EndGlobalSection
	GlobalSection(ProjectConfigurationPlatforms) = postSolution
		{A9BABE00-ECCF-4527-9C04-6C81D1565A75}.Debug|Any CPU.ActiveCfg = Debug|Any CPU
		{A9BABE00-ECCF-4527-9C04-6C81D1565A75}.Debug|Any CPU.Build.0 = Debug|Any CPU
		{A9BABE00-ECCF-4527-9C04-6C81D1565A75}.Release|Any CPU.ActiveCfg = Release|Any CPU
		{A9BABE00-ECCF-4527-9C04-6C81D1565A75}.Release|Any CPU.Build.0 = Release|Any CPU
	EndGlobalSection
	GlobalSection(SolutionProperties) = preSolution
		HideSolutionNode = FALSE
	EndGlobalSection
	GlobalSection(ExtensibilityGlobals) = postSolution
		SolutionGuid = {A28965C4-1C71-4BAE-95EC-C60807BB8AF7}
	EndGlobalSection
EndGlobal
